{
  "name": "paginacenacaf",
  "version": "1.0.0",
  "lockfileVersion": 2,
  "requires": true,
  "packages": {
    "": {
      "name": "paginacenacaf",
      "version": "1.0.0",
      "license": "ISC",
      "dependencies": {
        "ar-poncho": "^2.0.220"
      }
    },
    "node_modules/ar-poncho": {
      "version": "2.0.220",
      "resolved": "https://registry.npmjs.org/ar-poncho/-/ar-poncho-2.0.220.tgz",
      "integrity": "sha512-LkY22Z+lDbAILFQ3PlDbzrLUXB1B6lyVMF6ztDSjkVsA9cNis/Syo9Ok4M3Bn2BJhzhlcfFkamlJZcBah4bfqw=="
    }
  },
  "dependencies": {
    "ar-poncho": {
      "version": "2.0.220",
      "resolved": "https://registry.npmjs.org/ar-poncho/-/ar-poncho-2.0.220.tgz",
      "integrity": "sha512-LkY22Z+lDbAILFQ3PlDbzrLUXB1B6lyVMF6ztDSjkVsA9cNis/Syo9Ok4M3Bn2BJhzhlcfFkamlJZcBah4bfqw=="
    }
  }
}
